<?xml version="1.0" encoding="utf-8"?>
<Project ToolsVersion="4.0" xmlns="http://schemas.microsoft.com/developer/msbuild/2003">
  <ItemGroup>
    <Filter Include="Quelldateien">
      <UniqueIdentifier>{4FC737F1-C7A5-4376-A066-2A32D752A2FF}</UniqueIdentifier>
      <Extensions>cpp;c;cc;cxx;c++;cppm;ixx;def;odl;idl;hpj;bat;asm;asmx</Extensions>
    </Filter>
    <Filter Include="Headerdateien">
      <UniqueIdentifier>{93995380-89BD-4b04-88EB-625FBE52EBFB}</UniqueIdentifier>
      <Extensions>h;hh;hpp;hxx;h++;hm;inl;inc;ipp;xsd</Extensions>
    </Filter>
    <Filter Include="Ressourcendateien">
      <UniqueIdentifier>{67DA6AB6-F800-4c08-8B7A-83BB121AAD01}</UniqueIdentifier>
      <Extensions>rc;ico;cur;bmp;dlg;rc2;rct;bin;rgs;gif;jpg;jpeg;jpe;resx;tiff;tif;png;wav;mfcribbon-ms</Extensions>
    </Filter>
  </ItemGroup>
  <ItemGroup>
    <ClCompile Include="main.cpp">
      <Filter>Quelldateien</Filter>
    </ClCompile>
    <ClCompile Include="Decorator Pattern\Component\Beverage.cpp">
      <Filter>Quelldateien</Filter>
    </ClCompile>
    <ClCompile Include="Decorator Pattern\Component\ConcreteComponent\Espresso.cpp">
      <Filter>Quelldateien</Filter>
    </ClCompile>
    <ClCompile Include="Decorator Pattern\Client.cpp">
      <Filter>Quelldateien</Filter>
    </ClCompile>
    <ClCompile Include="Decorator Pattern\Decorator\ConcreteDecorator\MochaDecorator.cpp">
      <Filter>Quelldateien</Filter>
    </ClCompile>
    <ClCompile Include="Decorator Pattern\Decorator\ConcreteDecorator\MilkDecorator.cpp">
      <Filter>Quelldateien</Filter>
    </ClCompile>
    <ClCompile Include="Decorator Pattern\Decorator\BeverageDecorator.cpp">
      <Filter>Quelldateien</Filter>
    </ClCompile>
    <ClCompile Include="Decorator Pattern\Component\ConcreteComponent\DarkRost.cpp">
      <Filter>Quelldateien</Filter>
    </ClCompile>
  </ItemGroup>
  <ItemGroup>
    <ClInclude Include="Decorator Pattern\Component\Beverage.h">
      <Filter>Headerdateien</Filter>
    </ClInclude>
    <ClInclude Include="Decorator Pattern\Component\ConcreteComponent\Espresso.h">
      <Filter>Headerdateien</Filter>
    </ClInclude>
    <ClInclude Include="Decorator Pattern\Client.h">
      <Filter>Headerdateien</Filter>
    </ClInclude>
    <ClInclude Include="Decorator Pattern\Decorator\ConcreteDecorator\MochaDecorator.h">
      <Filter>Headerdateien</Filter>
    </ClInclude>
    <ClInclude Include="Decorator Pattern\Decorator\ConcreteDecorator\MilkDecorator.h">
      <Filter>Headerdateien</Filter>
    </ClInclude>
    <ClInclude Include="Decorator Pattern\Decorator\BeverageDecorator.h">
      <Filter>Headerdateien</Filter>
    </ClInclude>
    <ClInclude Include="Decorator Pattern\Component\ConcreteComponent\DarkRost.h">
      <Filter>Headerdateien</Filter>
    </ClInclude>
  </ItemGroup>
</Project>